
Microsoft Visual Studio Solution File, Format Version 12.00
# Visual Studio Version 16
VisualStudioVersion = 16.0.33927.289
MinimumVisualStudioVersion = 10.0.40219.1
Project("{FAE04EC0-301F-11D3-BF4B-00C04F79EFBC}") = "ArrayExam", "ArrayExam\ArrayExam.csproj", "{EB315714-B45A-4E5A-BB70-46AB9BCAA548}"
EndProject
Global
	GlobalSection(SolutionConfigurationPlatforms) = preSolution
		Debug|Any CPU = Debug|Any CPU
		Release|Any CPU = Release|Any CPU
	EndGlobalSection
	GlobalSection(ProjectConfigurationPlatforms) = postSolution
		{EB315714-B45A-4E5A-BB70-46AB9BCAA548}.Debug|Any CPU.ActiveCfg = Debug|Any CPU
		{EB315714-B45A-4E5A-BB70-46AB9BCAA548}.Debug|Any CPU.Build.0 = Debug|Any CPU
		{EB315714-B45A-4E5A-BB70-46AB9BCAA548}.Release|Any CPU.ActiveCfg = Release|Any CPU
		{EB315714-B45A-4E5A-BB70-46AB9BCAA548}.Release|Any CPU.Build.0 = Release|Any CPU
	EndGlobalSection
	GlobalSection(SolutionProperties) = preSolution
		HideSolutionNode = FALSE
	EndGlobalSection
	GlobalSection(ExtensibilityGlobals) = postSolution
		SolutionGuid = {240D05D7-9B69-42BE-8F58-22B29DF318BB}
	EndGlobalSection
EndGlobal
